
Microsoft Visual Studio Solution File, Format Version 12.00
# Visual Studio Version 17
VisualStudioVersion = 17.5.33627.172
MinimumVisualStudioVersion = 10.0.40219.1
Project("{FAE04EC0-301F-11D3-BF4B-00C04F79EFBC}") = "UniDi", "UniDi\UniDi.csproj", "{640FAE1F-1201-4CB3-AA9E-6EFEEB4F8CD0}"
EndProject
Project("{FAE04EC0-301F-11D3-BF4B-00C04F79EFBC}") = "Core", "Core\Core.csproj", "{AC9EEFDE-24F0-49D1-99C7-886802358757}"
EndProject
Project("{9A19103F-16F7-4668-BE54-9A1E7A4F7556}") = "UniDi.API", "UniDi.API\UniDi.API.csproj", "{0E7E69B5-01CA-4663-8C23-391947837FF4}"
EndProject
Global
	GlobalSection(SolutionConfigurationPlatforms) = preSolution
		Debug|Any CPU = Debug|Any CPU
		Release|Any CPU = Release|Any CPU
	EndGlobalSection
	GlobalSection(ProjectConfigurationPlatforms) = postSolution
		{640FAE1F-1201-4CB3-AA9E-6EFEEB4F8CD0}.Debug|Any CPU.ActiveCfg = Debug|Any CPU
		{640FAE1F-1201-4CB3-AA9E-6EFEEB4F8CD0}.Debug|Any CPU.Build.0 = Debug|Any CPU
		{640FAE1F-1201-4CB3-AA9E-6EFEEB4F8CD0}.Release|Any CPU.ActiveCfg = Release|Any CPU
		{640FAE1F-1201-4CB3-AA9E-6EFEEB4F8CD0}.Release|Any CPU.Build.0 = Release|Any CPU
		{AC9EEFDE-24F0-49D1-99C7-886802358757}.Debug|Any CPU.ActiveCfg = Debug|Any CPU
		{AC9EEFDE-24F0-49D1-99C7-886802358757}.Debug|Any CPU.Build.0 = Debug|Any CPU
		{AC9EEFDE-24F0-49D1-99C7-886802358757}.Release|Any CPU.ActiveCfg = Release|Any CPU
		{AC9EEFDE-24F0-49D1-99C7-886802358757}.Release|Any CPU.Build.0 = Release|Any CPU
		{0E7E69B5-01CA-4663-8C23-391947837FF4}.Debug|Any CPU.ActiveCfg = Debug|Any CPU
		{0E7E69B5-01CA-4663-8C23-391947837FF4}.Debug|Any CPU.Build.0 = Debug|Any CPU
		{0E7E69B5-01CA-4663-8C23-391947837FF4}.Release|Any CPU.ActiveCfg = Release|Any CPU
		{0E7E69B5-01CA-4663-8C23-391947837FF4}.Release|Any CPU.Build.0 = Release|Any CPU
	EndGlobalSection
	GlobalSection(SolutionProperties) = preSolution
		HideSolutionNode = FALSE
	EndGlobalSection
	GlobalSection(ExtensibilityGlobals) = postSolution
		SolutionGuid = {DD7BB08B-6AED-44F2-86F8-046671E506E6}
	EndGlobalSection
EndGlobal
